
Microsoft Visual Studio Solution File, Format Version 12.00
# Visual Studio Version 17
VisualStudioVersion = 17.4.33213.308
MinimumVisualStudioVersion = 10.0.40219.1
Project("{FAE04EC0-301F-11D3-BF4B-00C04F79EFBC}") = "ApolloBot", "ApolloBot\ApolloBot.csproj", "{F4012630-39D0-4D71-9448-015BAE2DC1F1}"
EndProject
Global
	GlobalSection(SolutionConfigurationPlatforms) = preSolution
		Debug|Any CPU = Debug|Any CPU
		Release|Any CPU = Release|Any CPU
	EndGlobalSection
	GlobalSection(ProjectConfigurationPlatforms) = postSolution
		{F4012630-39D0-4D71-9448-015BAE2DC1F1}.Debug|Any CPU.ActiveCfg = Debug|Any CPU
		{F4012630-39D0-4D71-9448-015BAE2DC1F1}.Debug|Any CPU.Build.0 = Debug|Any CPU
		{F4012630-39D0-4D71-9448-015BAE2DC1F1}.Release|Any CPU.ActiveCfg = Release|Any CPU
		{F4012630-39D0-4D71-9448-015BAE2DC1F1}.Release|Any CPU.Build.0 = Release|Any CPU
	EndGlobalSection
	GlobalSection(SolutionProperties) = preSolution
		HideSolutionNode = FALSE
	EndGlobalSection
	GlobalSection(ExtensibilityGlobals) = postSolution
		SolutionGuid = {A8783A51-E59B-41DF-BFCC-8A4818305C2C}
	EndGlobalSection
EndGlobal
